{
  "version": 4,
  "terraform_version": "1.0.9",
  "serial": 67,
  "lineage": "756c0123-0d32-9865-fdb8-e0cdb6b8167c",
  "outputs": {},
  "resources": [
    {
      "module": "module.dev-host",
      "mode": "managed",
      "type": "docker_image",
      "name": "alpine",
      "provider": "provider[\"registry.terraform.io/kreuzwerker/docker\"]",
      "instances": [
        {
          "schema_version": 0,
          "attributes": {
            "build": [],
            "force_remove": null,
            "id": "sha256:14119a10abf4669e8cdbdff324a9f9605d99697215a0d21c360fe8dfa8471babalpine:3.14",
            "keep_locally": false,
            "latest": "sha256:14119a10abf4669e8cdbdff324a9f9605d99697215a0d21c360fe8dfa8471bab",
            "name": "alpine:3.14",
            "output": null,
            "pull_trigger": null,
            "pull_triggers": null,
            "repo_digest": "alpine@sha256:e1c082e3d3c45cccac829840a25941e679c25d438cc8412c2fa221cf1a824e6a"
          },
          "sensitive_attributes": [],
          "private": "bnVsbA=="
        }
      ]
    },
    {
      "module": "module.prd-host",
      "mode": "managed",
      "type": "docker_container",
      "name": "container_environment",
      "provider": "provider[\"registry.terraform.io/kreuzwerker/docker\"]",
      "instances": []
    },
    {
      "module": "module.prd-host",
      "mode": "managed",
      "type": "docker_image",
      "name": "alpine",
      "provider": "provider[\"registry.terraform.io/kreuzwerker/docker\"]",
      "instances": [
        {
          "schema_version": 0,
          "attributes": {
            "build": [],
            "force_remove": null,
            "id": "sha256:14119a10abf4669e8cdbdff324a9f9605d99697215a0d21c360fe8dfa8471babalpine:3.14",
            "keep_locally": false,
            "latest": "sha256:14119a10abf4669e8cdbdff324a9f9605d99697215a0d21c360fe8dfa8471bab",
            "name": "alpine:3.14",
            "output": null,
            "pull_trigger": null,
            "pull_triggers": null,
            "repo_digest": "alpine@sha256:e1c082e3d3c45cccac829840a25941e679c25d438cc8412c2fa221cf1a824e6a"
          },
          "sensitive_attributes": [],
          "private": "bnVsbA=="
        }
      ]
    }
  ]
}
