{
  "version": 4,
  "terraform_version": "1.0.9",
  "serial": 3,
  "lineage": "73212c71-eecc-218c-ea65-19a70b4a105e",
  "outputs": {
    "container_id": {
      "value": "cb6ea7c5c188b2e8b1b55f52010e14d9db5d6353264929c91bd50b5e9f00b64f",
      "type": "string"
    },
    "image_id": {
      "value": "sha256:5e929f3fd65c1450a4118674489720a18d963220aea324fbf958e86fe448c452gotechnies/alpine-ssh:alpine3.10",
      "type": "string"
    }
  },
  "resources": [
    {
      "mode": "managed",
      "type": "docker_container",
      "name": "container_environment",
      "provider": "provider[\"registry.terraform.io/kreuzwerker/docker\"]",
      "instances": [
        {
          "schema_version": 2,
          "attributes": {
            "attach": false,
            "bridge": "",
            "capabilities": [],
            "command": [
              "tail",
              "-f",
              "/dev/null"
            ],
            "container_logs": null,
            "cpu_set": "",
            "cpu_shares": 0,
            "destroy_grace_seconds": null,
            "devices": [],
            "dns": null,
            "dns_opts": null,
            "dns_search": null,
            "domainname": "",
            "entrypoint": [],
            "env": [],
            "exit_code": null,
            "gateway": "172.17.0.1",
            "group_add": null,
            "healthcheck": null,
            "host": [],
            "hostname": "cb6ea7c5c188",
            "id": "cb6ea7c5c188b2e8b1b55f52010e14d9db5d6353264929c91bd50b5e9f00b64f",
            "image": "sha256:5e929f3fd65c1450a4118674489720a18d963220aea324fbf958e86fe448c452",
            "init": false,
            "ip_address": "172.17.0.4",
            "ip_prefix_length": 16,
            "ipc_mode": "private",
            "labels": [],
            "links": null,
            "log_driver": "json-file",
            "log_opts": null,
            "logs": false,
            "max_retry_count": 0,
            "memory": 0,
            "memory_swap": 0,
            "mounts": [],
            "must_run": true,
            "name": "yes",
            "network_alias": null,
            "network_data": [
              {
                "gateway": "172.17.0.1",
                "global_ipv6_address": "",
                "global_ipv6_prefix_length": 0,
                "ip_address": "172.17.0.4",
                "ip_prefix_length": 16,
                "ipv6_gateway": "",
                "network_name": "bridge"
              }
            ],
            "network_mode": "default",
            "networks": null,
            "networks_advanced": [],
            "pid_mode": "",
            "ports": [
              {
                "external": 22,
                "internal": 22,
                "ip": "0.0.0.0",
                "protocol": "tcp"
              }
            ],
            "privileged": false,
            "publish_all_ports": false,
            "read_only": false,
            "remove_volumes": true,
            "restart": "no",
            "rm": false,
            "security_opts": [],
            "shm_size": 64,
            "start": true,
            "stdin_open": false,
            "sysctls": null,
            "tmpfs": null,
            "tty": false,
            "ulimit": [],
            "upload": [],
            "user": "",
            "userns_mode": "",
            "volumes": [],
            "working_dir": ""
          },
          "sensitive_attributes": [],
          "private": "eyJzY2hlbWFfdmVyc2lvbiI6IjIifQ==",
          "dependencies": [
            "docker_image.alpine"
          ]
        }
      ]
    },
    {
      "mode": "managed",
      "type": "docker_image",
      "name": "alpine",
      "provider": "provider[\"registry.terraform.io/kreuzwerker/docker\"]",
      "instances": [
        {
          "schema_version": 0,
          "attributes": {
            "build": [],
            "force_remove": null,
            "id": "sha256:5e929f3fd65c1450a4118674489720a18d963220aea324fbf958e86fe448c452gotechnies/alpine-ssh:alpine3.10",
            "keep_locally": false,
            "latest": "sha256:5e929f3fd65c1450a4118674489720a18d963220aea324fbf958e86fe448c452",
            "name": "gotechnies/alpine-ssh:alpine3.10",
            "output": null,
            "pull_trigger": null,
            "pull_triggers": null,
            "repo_digest": "gotechnies/alpine-ssh@sha256:460ac498e0444437be99709026ea1d1bfb1d2de45a615ce2c12c48f94a219009"
          },
          "sensitive_attributes": [],
          "private": "bnVsbA=="
        }
      ]
    }
  ]
}
